
Microsoft Visual Studio Solution File, Format Version 12.00
# Visual Studio Version 17
VisualStudioVersion = 17.13.35507.96 d17.13
MinimumVisualStudioVersion = 10.0.40219.1
Project("{FAE04EC0-301F-11D3-BF4B-00C04F79EFBC}") = "Core", "Core\Core.csproj", "{499419D1-D57C-4C57-910D-92332A0B8A0D}"
EndProject
Global
	GlobalSection(SolutionConfigurationPlatforms) = preSolution
		Debug|Any CPU = Debug|Any CPU
		Release|Any CPU = Release|Any CPU
	EndGlobalSection
	GlobalSection(ProjectConfigurationPlatforms) = postSolution
		{499419D1-D57C-4C57-910D-92332A0B8A0D}.Debug|Any CPU.ActiveCfg = Debug|Any CPU
		{499419D1-D57C-4C57-910D-92332A0B8A0D}.Debug|Any CPU.Build.0 = Debug|Any CPU
		{499419D1-D57C-4C57-910D-92332A0B8A0D}.Release|Any CPU.ActiveCfg = Release|Any CPU
		{499419D1-D57C-4C57-910D-92332A0B8A0D}.Release|Any CPU.Build.0 = Release|Any CPU
	EndGlobalSection
	GlobalSection(SolutionProperties) = preSolution
		HideSolutionNode = FALSE
	EndGlobalSection
	GlobalSection(ExtensibilityGlobals) = postSolution
		SolutionGuid = {2642319A-9D26-4DFA-BC41-D9597229B9C7}
	EndGlobalSection
EndGlobal
