
Microsoft Visual Studio Solution File, Format Version 12.00
# Visual Studio Version 17
VisualStudioVersion = 17.13.35507.96
MinimumVisualStudioVersion = 10.0.40219.1
Project("{FAE04EC0-301F-11D3-BF4B-00C04F79EFBC}") = "Core", "Core\Core.csproj", "{499419D1-D57C-4C57-910D-92332A0B8A0D}"
EndProject
Project("{FAE04EC0-301F-11D3-BF4B-00C04F79EFBC}") = "AuthorizationComponent", "AuthorizationComponent\AuthorizationComponent.csproj", "{1F78C536-62B7-4C1D-9EC0-169734F11F9F}"
EndProject
Project("{FAE04EC0-301F-11D3-BF4B-00C04F79EFBC}") = "Server", "Server\Server.csproj", "{3461765F-60A1-21BC-764E-FC799869FE2F}"
EndProject
Project("{FAE04EC0-301F-11D3-BF4B-00C04F79EFBC}") = "Messenger.AppHost", "Messanger.AppHost\Messenger.AppHost.csproj", "{CBA3F8FA-D5B1-49DB-8145-91DFD71A636E}"
EndProject
Project("{FAE04EC0-301F-11D3-BF4B-00C04F79EFBC}") = "Messenger.ServiceDefaults", "Messanger.ServiceDefaults\Messenger.ServiceDefaults.csproj", "{0662C677-9FDB-C0F0-934E-9626C29B8B80}"
EndProject
Project("{FAE04EC0-301F-11D3-BF4B-00C04F79EFBC}") = "Database", "Database\Database.csproj", "{3B202277-394C-4F6F-98E7-B5199B6F7573}"
EndProject
Project("{FAE04EC0-301F-11D3-BF4B-00C04F79EFBC}") = "ChatComponent", "ChatComponent\ChatComponent.csproj", "{7CD5EFD6-46AA-40D7-8AC6-9BEEA937C608}"
EndProject
Global
	GlobalSection(SolutionConfigurationPlatforms) = preSolution
		Debug|Any CPU = Debug|Any CPU
		Release|Any CPU = Release|Any CPU
	EndGlobalSection
	GlobalSection(ProjectConfigurationPlatforms) = postSolution
		{499419D1-D57C-4C57-910D-92332A0B8A0D}.Debug|Any CPU.ActiveCfg = Debug|Any CPU
		{499419D1-D57C-4C57-910D-92332A0B8A0D}.Debug|Any CPU.Build.0 = Debug|Any CPU
		{499419D1-D57C-4C57-910D-92332A0B8A0D}.Release|Any CPU.ActiveCfg = Release|Any CPU
		{499419D1-D57C-4C57-910D-92332A0B8A0D}.Release|Any CPU.Build.0 = Release|Any CPU
		{1F78C536-62B7-4C1D-9EC0-169734F11F9F}.Debug|Any CPU.ActiveCfg = Debug|Any CPU
		{1F78C536-62B7-4C1D-9EC0-169734F11F9F}.Debug|Any CPU.Build.0 = Debug|Any CPU
		{1F78C536-62B7-4C1D-9EC0-169734F11F9F}.Release|Any CPU.ActiveCfg = Release|Any CPU
		{1F78C536-62B7-4C1D-9EC0-169734F11F9F}.Release|Any CPU.Build.0 = Release|Any CPU
		{3461765F-60A1-21BC-764E-FC799869FE2F}.Debug|Any CPU.ActiveCfg = Debug|Any CPU
		{3461765F-60A1-21BC-764E-FC799869FE2F}.Debug|Any CPU.Build.0 = Debug|Any CPU
		{3461765F-60A1-21BC-764E-FC799869FE2F}.Release|Any CPU.ActiveCfg = Release|Any CPU
		{3461765F-60A1-21BC-764E-FC799869FE2F}.Release|Any CPU.Build.0 = Release|Any CPU
		{CBA3F8FA-D5B1-49DB-8145-91DFD71A636E}.Debug|Any CPU.ActiveCfg = Debug|Any CPU
		{CBA3F8FA-D5B1-49DB-8145-91DFD71A636E}.Debug|Any CPU.Build.0 = Debug|Any CPU
		{CBA3F8FA-D5B1-49DB-8145-91DFD71A636E}.Release|Any CPU.ActiveCfg = Release|Any CPU
		{CBA3F8FA-D5B1-49DB-8145-91DFD71A636E}.Release|Any CPU.Build.0 = Release|Any CPU
		{0662C677-9FDB-C0F0-934E-9626C29B8B80}.Debug|Any CPU.ActiveCfg = Debug|Any CPU
		{0662C677-9FDB-C0F0-934E-9626C29B8B80}.Debug|Any CPU.Build.0 = Debug|Any CPU
		{0662C677-9FDB-C0F0-934E-9626C29B8B80}.Release|Any CPU.ActiveCfg = Release|Any CPU
		{0662C677-9FDB-C0F0-934E-9626C29B8B80}.Release|Any CPU.Build.0 = Release|Any CPU
		{3B202277-394C-4F6F-98E7-B5199B6F7573}.Debug|Any CPU.ActiveCfg = Debug|Any CPU
		{3B202277-394C-4F6F-98E7-B5199B6F7573}.Debug|Any CPU.Build.0 = Debug|Any CPU
		{3B202277-394C-4F6F-98E7-B5199B6F7573}.Release|Any CPU.ActiveCfg = Release|Any CPU
		{3B202277-394C-4F6F-98E7-B5199B6F7573}.Release|Any CPU.Build.0 = Release|Any CPU
		{7CD5EFD6-46AA-40D7-8AC6-9BEEA937C608}.Debug|Any CPU.ActiveCfg = Debug|Any CPU
		{7CD5EFD6-46AA-40D7-8AC6-9BEEA937C608}.Debug|Any CPU.Build.0 = Debug|Any CPU
		{7CD5EFD6-46AA-40D7-8AC6-9BEEA937C608}.Release|Any CPU.ActiveCfg = Release|Any CPU
		{7CD5EFD6-46AA-40D7-8AC6-9BEEA937C608}.Release|Any CPU.Build.0 = Release|Any CPU
	EndGlobalSection
	GlobalSection(SolutionProperties) = preSolution
		HideSolutionNode = FALSE
	EndGlobalSection
	GlobalSection(ExtensibilityGlobals) = postSolution
		SolutionGuid = {2642319A-9D26-4DFA-BC41-D9597229B9C7}
	EndGlobalSection
EndGlobal
